<?xml version="1.0" encoding="utf-8"?>
<Project ToolsVersion="4.0" xmlns="http://schemas.microsoft.com/developer/msbuild/2003">
  <ItemGroup>
    <Filter Include="Source Files">
      <UniqueIdentifier>{4FC737F1-C7A5-4376-A066-2A32D752A2FF}</UniqueIdentifier>
      <Extensions>cpp;c;cc;cxx;def;odl;idl;hpj;bat;asm;asmx</Extensions>
    </Filter>
    <Filter Include="Header Files">
      <UniqueIdentifier>{93995380-89BD-4b04-88EB-625FBE52EBFB}</UniqueIdentifier>
      <Extensions>h;hh;hpp;hxx;hm;inl;inc;ipp;xsd</Extensions>
    </Filter>
    <Filter Include="Resource Files">
      <UniqueIdentifier>{67DA6AB6-F800-4c08-8B7A-83BB121AAD01}</UniqueIdentifier>
      <Extensions>rc;ico;cur;bmp;dlg;rc2;rct;bin;rgs;gif;jpg;jpeg;jpe;resx;tiff;tif;png;wav;mfcribbon-ms</Extensions>
    </Filter>
    <Filter Include="Header Files\Classes">
      <UniqueIdentifier>{0d5132a2-fef2-4142-923d-8daae40b5bf3}</UniqueIdentifier>
    </Filter>
    <Filter Include="Header Files\Enemys">
      <UniqueIdentifier>{4f893412-459a-4bf2-86f1-b9d53a1030ea}</UniqueIdentifier>
    </Filter>
    <Filter Include="Header Files\TextAdventure">
      <UniqueIdentifier>{73a75e24-c268-434f-8149-13baac8e8b2b}</UniqueIdentifier>
    </Filter>
    <Filter Include="Header Files\Battle">
      <UniqueIdentifier>{dd322f0e-cf48-40db-9b4d-14c93ec3e3de}</UniqueIdentifier>
    </Filter>
    <Filter Include="Source Files\Classes">
      <UniqueIdentifier>{0015f7a9-df77-4776-95a2-53ab65e454d1}</UniqueIdentifier>
    </Filter>
    <Filter Include="Source Files\Battle">
      <UniqueIdentifier>{df4a580c-9434-4f3f-b9db-fbb55264f222}</UniqueIdentifier>
    </Filter>
    <Filter Include="Source Files\TextAdventure">
      <UniqueIdentifier>{22226527-42b0-491b-946a-65631c696151}</UniqueIdentifier>
    </Filter>
    <Filter Include="Source Files\Enemy">
      <UniqueIdentifier>{6d85a012-3b61-4a9e-9f27-1f049bc7310b}</UniqueIdentifier>
    </Filter>
  </ItemGroup>
  <ItemGroup>
    <ClCompile Include="GameCharacter.cpp">
      <Filter>Source Files</Filter>
    </ClCompile>
    <ClCompile Include="Main.cpp">
      <Filter>Source Files</Filter>
    </ClCompile>
    <ClCompile Include="Battle.cpp">
      <Filter>Source Files\Battle</Filter>
    </ClCompile>
    <ClCompile Include="Chapter.cpp">
      <Filter>Source Files\TextAdventure</Filter>
    </ClCompile>
    <ClCompile Include="Creator.cpp">
      <Filter>Source Files\TextAdventure</Filter>
    </ClCompile>
    <ClCompile Include="Fighter.cpp">
      <Filter>Source Files\Classes</Filter>
    </ClCompile>
    <ClCompile Include="Goblin.cpp">
      <Filter>Source Files\Enemy</Filter>
    </ClCompile>
    <ClCompile Include="InputHandler.cpp">
      <Filter>Source Files\TextAdventure</Filter>
    </ClCompile>
    <ClCompile Include="Party.cpp">
      <Filter>Source Files\Classes</Filter>
    </ClCompile>
    <ClCompile Include="StoryTeller.cpp">
      <Filter>Source Files\TextAdventure</Filter>
    </ClCompile>
    <ClCompile Include="Thief.cpp">
      <Filter>Source Files\Classes</Filter>
    </ClCompile>
    <ClCompile Include="GunSlinger.cpp">
      <Filter>Source Files\Classes</Filter>
    </ClCompile>
    <ClCompile Include="Cleric.cpp">
      <Filter>Source Files\Classes</Filter>
    </ClCompile>
    <ClCompile Include="Mage.cpp">
      <Filter>Source Files\Classes</Filter>
    </ClCompile>
    <ClCompile Include="Paladin.cpp">
      <Filter>Source Files\Classes</Filter>
    </ClCompile>
    <ClCompile Include="Random.cpp">
      <Filter>Source Files</Filter>
    </ClCompile>
    <ClCompile Include="EnemyEncounter.cpp">
      <Filter>Source Files\Enemy</Filter>
    </ClCompile>
  </ItemGroup>
  <ItemGroup>
    <ClInclude Include="GameCharacter.h">
      <Filter>Header Files</Filter>
    </ClInclude>
    <ClInclude Include="Enums.h">
      <Filter>Header Files</Filter>
    </ClInclude>
    <ClInclude Include="Item.h">
      <Filter>Header Files</Filter>
    </ClInclude>
    <ClInclude Include="Fighter.h">
      <Filter>Header Files\Classes</Filter>
    </ClInclude>
    <ClInclude Include="Battle.h">
      <Filter>Header Files\Battle</Filter>
    </ClInclude>
    <ClInclude Include="Chapter.h">
      <Filter>Header Files\TextAdventure</Filter>
    </ClInclude>
    <ClInclude Include="Creator.h">
      <Filter>Header Files\TextAdventure</Filter>
    </ClInclude>
    <ClInclude Include="Goblin.h">
      <Filter>Header Files\Enemys</Filter>
    </ClInclude>
    <ClInclude Include="InputHandler.h">
      <Filter>Header Files\TextAdventure</Filter>
    </ClInclude>
    <ClInclude Include="Party.h">
      <Filter>Header Files\Classes</Filter>
    </ClInclude>
    <ClInclude Include="StoryTeller.h">
      <Filter>Header Files\TextAdventure</Filter>
    </ClInclude>
    <ClInclude Include="Thief.h">
      <Filter>Header Files\Classes</Filter>
    </ClInclude>
    <ClInclude Include="GunSlinger.h">
      <Filter>Header Files\Classes</Filter>
    </ClInclude>
    <ClInclude Include="Mage.h">
      <Filter>Header Files\Classes</Filter>
    </ClInclude>
    <ClInclude Include="Paladin.h">
      <Filter>Header Files\Classes</Filter>
    </ClInclude>
    <ClInclude Include="Cleric.h">
      <Filter>Header Files\Classes</Filter>
    </ClInclude>
    <ClInclude Include="Random.h">
      <Filter>Header Files</Filter>
    </ClInclude>
    <ClInclude Include="EnemyEncounter.h">
      <Filter>Header Files\Enemys</Filter>
    </ClInclude>
    <ClInclude Include="resource.h">
      <Filter>Header Files</Filter>
    </ClInclude>
  </ItemGroup>
  <ItemGroup>
    <ResourceCompile Include="TakeHome2.rc">
      <Filter>Resource Files</Filter>
    </ResourceCompile>
  </ItemGroup>
  <ItemGroup>
    <None Include="ClassDiagram.cd" />
  </ItemGroup>
</Project>